
Microsoft Visual Studio Solution File, Format Version 12.00
# Visual Studio Version 16
VisualStudioVersion = 16.0.29806.167
MinimumVisualStudioVersion = 10.0.40219.1
Project("{FAE04EC0-301F-11D3-BF4B-00C04F79EFBC}") = "Organiser", "Organiser\Organiser.csproj", "{CF95B203-0AA3-45F1-ACA7-75ADA8C53370}"
EndProject
Project("{FAE04EC0-301F-11D3-BF4B-00C04F79EFBC}") = "OrganiserV2", "OrganiserV2\OrganiserV2.csproj", "{7B05E689-F829-4565-B0D8-38976A667335}"
EndProject
Global
	GlobalSection(SolutionConfigurationPlatforms) = preSolution
		Debug|Any CPU = Debug|Any CPU
		Release|Any CPU = Release|Any CPU
	EndGlobalSection
	GlobalSection(ProjectConfigurationPlatforms) = postSolution
		{CF95B203-0AA3-45F1-ACA7-75ADA8C53370}.Debug|Any CPU.ActiveCfg = Debug|Any CPU
		{CF95B203-0AA3-45F1-ACA7-75ADA8C53370}.Debug|Any CPU.Build.0 = Debug|Any CPU
		{CF95B203-0AA3-45F1-ACA7-75ADA8C53370}.Release|Any CPU.ActiveCfg = Release|Any CPU
		{CF95B203-0AA3-45F1-ACA7-75ADA8C53370}.Release|Any CPU.Build.0 = Release|Any CPU
		{7B05E689-F829-4565-B0D8-38976A667335}.Debug|Any CPU.ActiveCfg = Debug|Any CPU
		{7B05E689-F829-4565-B0D8-38976A667335}.Debug|Any CPU.Build.0 = Debug|Any CPU
		{7B05E689-F829-4565-B0D8-38976A667335}.Release|Any CPU.ActiveCfg = Release|Any CPU
		{7B05E689-F829-4565-B0D8-38976A667335}.Release|Any CPU.Build.0 = Release|Any CPU
	EndGlobalSection
	GlobalSection(SolutionProperties) = preSolution
		HideSolutionNode = FALSE
	EndGlobalSection
	GlobalSection(ExtensibilityGlobals) = postSolution
		SolutionGuid = {EB983FC6-37A4-43D5-95D5-7E92B563D8B9}
	EndGlobalSection
EndGlobal
